
Microsoft Visual Studio Solution File, Format Version 11.00
# Visual C# Express 2010
Project("{FAE04EC0-301F-11D3-BF4B-00C04F79EFBC}") = "HT-History", "HT-History\HT-History.csproj", "{55921F5A-46DF-46E5-A2BB-BE52279E832A}"
EndProject
Project("{FAE04EC0-301F-11D3-BF4B-00C04F79EFBC}") = "DevDefined.OAuth", "DevDefined.OAuth\src\DevDefined.OAuth\DevDefined.OAuth.csproj", "{61B700B6-3911-4CEF-8751-7F42CA765068}"
EndProject
Project("{FAE04EC0-301F-11D3-BF4B-00C04F79EFBC}") = "HtHistory.Core", "HtHistory.Core\HtHistory.Core.csproj", "{75B039ED-5C8F-4FCC-9AEE-BE0B9C073334}"
EndProject
Project("{FAE04EC0-301F-11D3-BF4B-00C04F79EFBC}") = "HtHistory.Statistics", "HtHistory.Statistics\HtHistory.Statistics.csproj", "{00DD84C0-55D5-4B61-AECF-F4F840A6893A}"
EndProject
Project("{FAE04EC0-301F-11D3-BF4B-00C04F79EFBC}") = "HtHistory.Installer", "HtHistory.Installer\HtHistory.Installer.csproj", "{1FBCF94E-CB40-476A-B782-2AE95C80B4F0}"
EndProject
Project("{FAE04EC0-301F-11D3-BF4B-00C04F79EFBC}") = "ObjectListView2010", "ObjectListView\ObjectListView\ObjectListView2010.csproj", "{18FEDA0C-D147-4286-B39A-01204808106A}"
EndProject
Global
	GlobalSection(SolutionConfigurationPlatforms) = preSolution
		Debug|Any CPU = Debug|Any CPU
		Debug|Mixed Platforms = Debug|Mixed Platforms
		Debug|x86 = Debug|x86
		Release|Any CPU = Release|Any CPU
		Release|Mixed Platforms = Release|Mixed Platforms
		Release|x86 = Release|x86
	EndGlobalSection
	GlobalSection(ProjectConfigurationPlatforms) = postSolution
		{55921F5A-46DF-46E5-A2BB-BE52279E832A}.Debug|Any CPU.ActiveCfg = Debug|x86
		{55921F5A-46DF-46E5-A2BB-BE52279E832A}.Debug|Mixed Platforms.ActiveCfg = Debug|x86
		{55921F5A-46DF-46E5-A2BB-BE52279E832A}.Debug|Mixed Platforms.Build.0 = Debug|x86
		{55921F5A-46DF-46E5-A2BB-BE52279E832A}.Debug|x86.ActiveCfg = Debug|x86
		{55921F5A-46DF-46E5-A2BB-BE52279E832A}.Debug|x86.Build.0 = Debug|x86
		{55921F5A-46DF-46E5-A2BB-BE52279E832A}.Release|Any CPU.ActiveCfg = Release|x86
		{55921F5A-46DF-46E5-A2BB-BE52279E832A}.Release|Mixed Platforms.ActiveCfg = Release|x86
		{55921F5A-46DF-46E5-A2BB-BE52279E832A}.Release|Mixed Platforms.Build.0 = Release|x86
		{55921F5A-46DF-46E5-A2BB-BE52279E832A}.Release|x86.ActiveCfg = Release|x86
		{55921F5A-46DF-46E5-A2BB-BE52279E832A}.Release|x86.Build.0 = Release|x86
		{61B700B6-3911-4CEF-8751-7F42CA765068}.Debug|Any CPU.ActiveCfg = Debug|Any CPU
		{61B700B6-3911-4CEF-8751-7F42CA765068}.Debug|Any CPU.Build.0 = Debug|Any CPU
		{61B700B6-3911-4CEF-8751-7F42CA765068}.Debug|Mixed Platforms.ActiveCfg = Debug|Any CPU
		{61B700B6-3911-4CEF-8751-7F42CA765068}.Debug|Mixed Platforms.Build.0 = Debug|Any CPU
		{61B700B6-3911-4CEF-8751-7F42CA765068}.Debug|x86.ActiveCfg = Debug|Any CPU
		{61B700B6-3911-4CEF-8751-7F42CA765068}.Release|Any CPU.ActiveCfg = Release|Any CPU
		{61B700B6-3911-4CEF-8751-7F42CA765068}.Release|Any CPU.Build.0 = Release|Any CPU
		{61B700B6-3911-4CEF-8751-7F42CA765068}.Release|Mixed Platforms.ActiveCfg = Release|Any CPU
		{61B700B6-3911-4CEF-8751-7F42CA765068}.Release|Mixed Platforms.Build.0 = Release|Any CPU
		{61B700B6-3911-4CEF-8751-7F42CA765068}.Release|x86.ActiveCfg = Release|Any CPU
		{75B039ED-5C8F-4FCC-9AEE-BE0B9C073334}.Debug|Any CPU.ActiveCfg = Debug|Any CPU
		{75B039ED-5C8F-4FCC-9AEE-BE0B9C073334}.Debug|Any CPU.Build.0 = Debug|Any CPU
		{75B039ED-5C8F-4FCC-9AEE-BE0B9C073334}.Debug|Mixed Platforms.ActiveCfg = Debug|Any CPU
		{75B039ED-5C8F-4FCC-9AEE-BE0B9C073334}.Debug|Mixed Platforms.Build.0 = Debug|Any CPU
		{75B039ED-5C8F-4FCC-9AEE-BE0B9C073334}.Debug|x86.ActiveCfg = Debug|Any CPU
		{75B039ED-5C8F-4FCC-9AEE-BE0B9C073334}.Release|Any CPU.ActiveCfg = Release|Any CPU
		{75B039ED-5C8F-4FCC-9AEE-BE0B9C073334}.Release|Any CPU.Build.0 = Release|Any CPU
		{75B039ED-5C8F-4FCC-9AEE-BE0B9C073334}.Release|Mixed Platforms.ActiveCfg = Release|Any CPU
		{75B039ED-5C8F-4FCC-9AEE-BE0B9C073334}.Release|Mixed Platforms.Build.0 = Release|Any CPU
		{75B039ED-5C8F-4FCC-9AEE-BE0B9C073334}.Release|x86.ActiveCfg = Release|Any CPU
		{00DD84C0-55D5-4B61-AECF-F4F840A6893A}.Debug|Any CPU.ActiveCfg = Debug|Any CPU
		{00DD84C0-55D5-4B61-AECF-F4F840A6893A}.Debug|Any CPU.Build.0 = Debug|Any CPU
		{00DD84C0-55D5-4B61-AECF-F4F840A6893A}.Debug|Mixed Platforms.ActiveCfg = Debug|Any CPU
		{00DD84C0-55D5-4B61-AECF-F4F840A6893A}.Debug|Mixed Platforms.Build.0 = Debug|Any CPU
		{00DD84C0-55D5-4B61-AECF-F4F840A6893A}.Debug|x86.ActiveCfg = Debug|Any CPU
		{00DD84C0-55D5-4B61-AECF-F4F840A6893A}.Release|Any CPU.ActiveCfg = Release|Any CPU
		{00DD84C0-55D5-4B61-AECF-F4F840A6893A}.Release|Any CPU.Build.0 = Release|Any CPU
		{00DD84C0-55D5-4B61-AECF-F4F840A6893A}.Release|Mixed Platforms.ActiveCfg = Release|Any CPU
		{00DD84C0-55D5-4B61-AECF-F4F840A6893A}.Release|Mixed Platforms.Build.0 = Release|Any CPU
		{00DD84C0-55D5-4B61-AECF-F4F840A6893A}.Release|x86.ActiveCfg = Release|Any CPU
		{1FBCF94E-CB40-476A-B782-2AE95C80B4F0}.Debug|Any CPU.ActiveCfg = Debug|x86
		{1FBCF94E-CB40-476A-B782-2AE95C80B4F0}.Debug|Mixed Platforms.ActiveCfg = Debug|x86
		{1FBCF94E-CB40-476A-B782-2AE95C80B4F0}.Debug|Mixed Platforms.Build.0 = Debug|x86
		{1FBCF94E-CB40-476A-B782-2AE95C80B4F0}.Debug|x86.ActiveCfg = Debug|x86
		{1FBCF94E-CB40-476A-B782-2AE95C80B4F0}.Debug|x86.Build.0 = Debug|x86
		{1FBCF94E-CB40-476A-B782-2AE95C80B4F0}.Release|Any CPU.ActiveCfg = Release|x86
		{1FBCF94E-CB40-476A-B782-2AE95C80B4F0}.Release|Mixed Platforms.ActiveCfg = Release|x86
		{1FBCF94E-CB40-476A-B782-2AE95C80B4F0}.Release|Mixed Platforms.Build.0 = Release|x86
		{1FBCF94E-CB40-476A-B782-2AE95C80B4F0}.Release|x86.ActiveCfg = Release|x86
		{1FBCF94E-CB40-476A-B782-2AE95C80B4F0}.Release|x86.Build.0 = Release|x86
		{18FEDA0C-D147-4286-B39A-01204808106A}.Debug|Any CPU.ActiveCfg = Debug|Any CPU
		{18FEDA0C-D147-4286-B39A-01204808106A}.Debug|Any CPU.Build.0 = Debug|Any CPU
		{18FEDA0C-D147-4286-B39A-01204808106A}.Debug|Mixed Platforms.ActiveCfg = Debug|Any CPU
		{18FEDA0C-D147-4286-B39A-01204808106A}.Debug|Mixed Platforms.Build.0 = Debug|Any CPU
		{18FEDA0C-D147-4286-B39A-01204808106A}.Debug|x86.ActiveCfg = Debug|Any CPU
		{18FEDA0C-D147-4286-B39A-01204808106A}.Release|Any CPU.ActiveCfg = Release|Any CPU
		{18FEDA0C-D147-4286-B39A-01204808106A}.Release|Any CPU.Build.0 = Release|Any CPU
		{18FEDA0C-D147-4286-B39A-01204808106A}.Release|Mixed Platforms.ActiveCfg = Release|Any CPU
		{18FEDA0C-D147-4286-B39A-01204808106A}.Release|Mixed Platforms.Build.0 = Release|Any CPU
		{18FEDA0C-D147-4286-B39A-01204808106A}.Release|x86.ActiveCfg = Release|Any CPU
	EndGlobalSection
	GlobalSection(SolutionProperties) = preSolution
		HideSolutionNode = FALSE
	EndGlobalSection
EndGlobal
